// !$*UTF8*$!
{
	archiveVersion = 1;
	classes = {
	};
	objectVersion = 46;
	objects = {

/* Begin PBXBuildFile section */
		F281BABA1C8D2AF10075046F /* Classic.cpp in Sources */ = {isa = PBXBuildFile; fileRef = F281BAB01C8D2AF10075046F /* Classic.cpp */; };
		F281BABB1C8D2AF10075046F /* Comedy.cpp in Sources */ = {isa = PBXBuildFile; fileRef = F281BAB21C8D2AF10075046F /* Comedy.cpp */; };
		F281BABD1C8D2AF10075046F /* Drama.cpp in Sources */ = {isa = PBXBuildFile; fileRef = F281BAB51C8D2AF10075046F /* Drama.cpp */; };
		F281BABE1C8D2AF10075046F /* Movie.cpp in Sources */ = {isa = PBXBuildFile; fileRef = F281BAB71C8D2AF10075046F /* Movie.cpp */; };
		F281BABF1C8D2AF10075046F /* movieTest.cpp in Sources */ = {isa = PBXBuildFile; fileRef = F281BAB91C8D2AF10075046F /* movieTest.cpp */; };
/* End PBXBuildFile section */

/* Begin PBXCopyFilesBuildPhase section */
		F281BAA41C8D2AD50075046F /* CopyFiles */ = {
			isa = PBXCopyFilesBuildPhase;
			buildActionMask = 2147483647;
			dstPath = /usr/share/man/man1/;
			dstSubfolderSpec = 0;
			files = (
			);
			runOnlyForDeploymentPostprocessing = 1;
		};
/* End PBXCopyFilesBuildPhase section */

/* Begin PBXFileReference section */
		F281BAA61C8D2AD50075046F /* MovieTest */ = {isa = PBXFileReference; explicitFileType = "compiled.mach-o.executable"; includeInIndex = 0; path = MovieTest; sourceTree = BUILT_PRODUCTS_DIR; };
		F281BAB01C8D2AF10075046F /* Classic.cpp */ = {isa = PBXFileReference; fileEncoding = 4; lastKnownFileType = sourcecode.cpp.cpp; path = Classic.cpp; sourceTree = "<group>"; };
		F281BAB11C8D2AF10075046F /* Classic.h */ = {isa = PBXFileReference; fileEncoding = 4; lastKnownFileType = sourcecode.c.h; path = Classic.h; sourceTree = "<group>"; };
		F281BAB21C8D2AF10075046F /* Comedy.cpp */ = {isa = PBXFileReference; fileEncoding = 4; lastKnownFileType = sourcecode.cpp.cpp; path = Comedy.cpp; sourceTree = "<group>"; };
		F281BAB31C8D2AF10075046F /* Comedy.h */ = {isa = PBXFileReference; fileEncoding = 4; lastKnownFileType = sourcecode.c.h; path = Comedy.h; sourceTree = "<group>"; };
		F281BAB51C8D2AF10075046F /* Drama.cpp */ = {isa = PBXFileReference; fileEncoding = 4; lastKnownFileType = sourcecode.cpp.cpp; path = Drama.cpp; sourceTree = "<group>"; };
		F281BAB61C8D2AF10075046F /* Drama.h */ = {isa = PBXFileReference; fileEncoding = 4; lastKnownFileType = sourcecode.c.h; path = Drama.h; sourceTree = "<group>"; };
		F281BAB71C8D2AF10075046F /* Movie.cpp */ = {isa = PBXFileReference; fileEncoding = 4; lastKnownFileType = sourcecode.cpp.cpp; path = Movie.cpp; sourceTree = "<group>"; };
		F281BAB81C8D2AF10075046F /* Movie.h */ = {isa = PBXFileReference; fileEncoding = 4; lastKnownFileType = sourcecode.c.h; path = Movie.h; sourceTree = "<group>"; };
		F281BAB91C8D2AF10075046F /* movieTest.cpp */ = {isa = PBXFileReference; fileEncoding = 4; lastKnownFileType = sourcecode.cpp.cpp; path = movieTest.cpp; sourceTree = "<group>"; };
/* End PBXFileReference section */

/* Begin PBXFrameworksBuildPhase section */
		F281BAA31C8D2AD50075046F /* Frameworks */ = {
			isa = PBXFrameworksBuildPhase;
			buildActionMask = 2147483647;
			files = (
			);
			runOnlyForDeploymentPostprocessing = 0;
		};
/* End PBXFrameworksBuildPhase section */

/* Begin PBXGroup section */
		F281BA9D1C8D2AD50075046F = {
			isa = PBXGroup;
			children = (
				F281BAA81C8D2AD50075046F /* MovieTest */,
				F281BAA71C8D2AD50075046F /* Products */,
			);
			sourceTree = "<group>";
		};
		F281BAA71C8D2AD50075046F /* Products */ = {
			isa = PBXGroup;
			children = (
				F281BAA61C8D2AD50075046F /* MovieTest */,
			);
			name = Products;
			sourceTree = "<group>";
		};
		F281BAA81C8D2AD50075046F /* MovieTest */ = {
			isa = PBXGroup;
			children = (
				F281BAB01C8D2AF10075046F /* Classic.cpp */,
				F281BAB11C8D2AF10075046F /* Classic.h */,
				F281BAB21C8D2AF10075046F /* Comedy.cpp */,
				F281BAB31C8D2AF10075046F /* Comedy.h */,
				F281BAB51C8D2AF10075046F /* Drama.cpp */,
				F281BAB61C8D2AF10075046F /* Drama.h */,
				F281BAB71C8D2AF10075046F /* Movie.cpp */,
				F281BAB81C8D2AF10075046F /* Movie.h */,
				F281BAB91C8D2AF10075046F /* movieTest.cpp */,
			);
			path = MovieTest;
			sourceTree = "<group>";
		};
/* End PBXGroup section */

/* Begin PBXNativeTarget section */
		F281BAA51C8D2AD50075046F /* MovieTest */ = {
			isa = PBXNativeTarget;
			buildConfigurationList = F281BAAD1C8D2AD50075046F /* Build configuration list for PBXNativeTarget "MovieTest" */;
			buildPhases = (
				F281BAA21C8D2AD50075046F /* Sources */,
				F281BAA31C8D2AD50075046F /* Frameworks */,
				F281BAA41C8D2AD50075046F /* CopyFiles */,
			);
			buildRules = (
			);
			dependencies = (
			);
			name = MovieTest;
			productName = MovieTest;
			productReference = F281BAA61C8D2AD50075046F /* MovieTest */;
			productType = "com.apple.product-type.tool";
		};
/* End PBXNativeTarget section */

/* Begin PBXProject section */
		F281BA9E1C8D2AD50075046F /* Project object */ = {
			isa = PBXProject;
			attributes = {
				LastUpgradeCheck = 0720;
				ORGANIZATIONNAME = "Chris Knakal";
				TargetAttributes = {
					F281BAA51C8D2AD50075046F = {
						CreatedOnToolsVersion = 7.2.1;
					};
				};
			};
			buildConfigurationList = F281BAA11C8D2AD50075046F /* Build configuration list for PBXProject "MovieTest" */;
			compatibilityVersion = "Xcode 3.2";
			developmentRegion = English;
			hasScannedForEncodings = 0;
			knownRegions = (
				en,
			);
			mainGroup = F281BA9D1C8D2AD50075046F;
			productRefGroup = F281BAA71C8D2AD50075046F /* Products */;
			projectDirPath = "";
			projectRoot = "";
			targets = (
				F281BAA51C8D2AD50075046F /* MovieTest */,
			);
		};
/* End PBXProject section */

/* Begin PBXSourcesBuildPhase section */
		F281BAA21C8D2AD50075046F /* Sources */ = {
			isa = PBXSourcesBuildPhase;
			buildActionMask = 2147483647;
			files = (
				F281BABE1C8D2AF10075046F /* Movie.cpp in Sources */,
				F281BABF1C8D2AF10075046F /* movieTest.cpp in Sources */,
				F281BABA1C8D2AF10075046F /* Classic.cpp in Sources */,
				F281BABB1C8D2AF10075046F /* Comedy.cpp in Sources */,
				F281BABD1C8D2AF10075046F /* Drama.cpp in Sources */,
			);
			runOnlyForDeploymentPostprocessing = 0;
		};
/* End PBXSourcesBuildPhase section */

/* Begin XCBuildConfiguration section */
		F281BAAB1C8D2AD50075046F /* Debug */ = {
			isa = XCBuildConfiguration;
			buildSettings = {
				ALWAYS_SEARCH_USER_PATHS = NO;
				CLANG_CXX_LANGUAGE_STANDARD = "gnu++0x";
				CLANG_CXX_LIBRARY = "libc++";
				CLANG_ENABLE_MODULES = YES;
				CLANG_ENABLE_OBJC_ARC = YES;
				CLANG_WARN_BOOL_CONVERSION = YES;
				CLANG_WARN_CONSTANT_CONVERSION = YES;
				CLANG_WARN_DIRECT_OBJC_ISA_USAGE = YES_ERROR;
				CLANG_WARN_EMPTY_BODY = YES;
				CLANG_WARN_ENUM_CONVERSION = YES;
				CLANG_WARN_INT_CONVERSION = YES;
				CLANG_WARN_OBJC_ROOT_CLASS = YES_ERROR;
				CLANG_WARN_UNREACHABLE_CODE = YES;
				CLANG_WARN__DUPLICATE_METHOD_MATCH = YES;
				CODE_SIGN_IDENTITY = "-";
				COPY_PHASE_STRIP = NO;
				DEBUG_INFORMATION_FORMAT = dwarf;
				ENABLE_STRICT_OBJC_MSGSEND = YES;
				ENABLE_TESTABILITY = YES;
				GCC_C_LANGUAGE_STANDARD = gnu99;
				GCC_DYNAMIC_NO_PIC = NO;
				GCC_NO_COMMON_BLOCKS = YES;
				GCC_OPTIMIZATION_LEVEL = 0;
				GCC_PREPROCESSOR_DEFINITIONS = (
					"DEBUG=1",
					"$(inherited)",
				);
				GCC_WARN_64_TO_32_BIT_CONVERSION = YES;
				GCC_WARN_ABOUT_RETURN_TYPE = YES_ERROR;
				GCC_WARN_UNDECLARED_SELECTOR = YES;
				GCC_WARN_UNINITIALIZED_AUTOS = YES_AGGRESSIVE;
				GCC_WARN_UNUSED_FUNCTION = YES;
				GCC_WARN_UNUSED_VARIABLE = YES;
				MACOSX_DEPLOYMENT_TARGET = 10.11;
				MTL_ENABLE_DEBUG_INFO = YES;
				ONLY_ACTIVE_ARCH = YES;
				SDKROOT = macosx;
			};
			name = Debug;
		};
		F281BAAC1C8D2AD50075046F /* Release */ = {
			isa = XCBuildConfiguration;
			buildSettings = {
				ALWAYS_SEARCH_USER_PATHS = NO;
				CLANG_CXX_LANGUAGE_STANDARD = "gnu++0x";
				CLANG_CXX_LIBRARY = "libc++";
				CLANG_ENABLE_MODULES = YES;
				CLANG_ENABLE_OBJC_ARC = YES;
				CLANG_WARN_BOOL_CONVERSION = YES;
				CLANG_WARN_CONSTANT_CONVERSION = YES;
				CLANG_WARN_DIRECT_OBJC_ISA_USAGE = YES_ERROR;
				CLANG_WARN_EMPTY_BODY = YES;
				CLANG_WARN_ENUM_CONVERSION = YES;
				CLANG_WARN_INT_CONVERSION = YES;
				CLANG_WARN_OBJC_ROOT_CLASS = YES_ERROR;
				CLANG_WARN_UNREACHABLE_CODE = YES;
				CLANG_WARN__DUPLICATE_METHOD_MATCH = YES;
				CODE_SIGN_IDENTITY = "-";
				COPY_PHASE_STRIP = NO;
				DEBUG_INFORMATION_FORMAT = "dwarf-with-dsym";
				ENABLE_NS_ASSERTIONS = NO;
				ENABLE_STRICT_OBJC_MSGSEND = YES;
				GCC_C_LANGUAGE_STANDARD = gnu99;
				GCC_NO_COMMON_BLOCKS = YES;
				GCC_WARN_64_TO_32_BIT_CONVERSION = YES;
				GCC_WARN_ABOUT_RETURN_TYPE = YES_ERROR;
				GCC_WARN_UNDECLARED_SELECTOR = YES;
				GCC_WARN_UNINITIALIZED_AUTOS = YES_AGGRESSIVE;
				GCC_WARN_UNUSED_FUNCTION = YES;
				GCC_WARN_UNUSED_VARIABLE = YES;
				MACOSX_DEPLOYMENT_TARGET = 10.11;
				MTL_ENABLE_DEBUG_INFO = NO;
				SDKROOT = macosx;
			};
			name = Release;
		};
		F281BAAE1C8D2AD50075046F /* Debug */ = {
			isa = XCBuildConfiguration;
			buildSettings = {
				PRODUCT_NAME = "$(TARGET_NAME)";
			};
			name = Debug;
		};
		F281BAAF1C8D2AD50075046F /* Release */ = {
			isa = XCBuildConfiguration;
			buildSettings = {
				PRODUCT_NAME = "$(TARGET_NAME)";
			};
			name = Release;
		};
/* End XCBuildConfiguration section */

/* Begin XCConfigurationList section */
		F281BAA11C8D2AD50075046F /* Build configuration list for PBXProject "MovieTest" */ = {
			isa = XCConfigurationList;
			buildConfigurations = (
				F281BAAB1C8D2AD50075046F /* Debug */,
				F281BAAC1C8D2AD50075046F /* Release */,
			);
			defaultConfigurationIsVisible = 0;
			defaultConfigurationName = Release;
		};
		F281BAAD1C8D2AD50075046F /* Build configuration list for PBXNativeTarget "MovieTest" */ = {
			isa = XCConfigurationList;
			buildConfigurations = (
				F281BAAE1C8D2AD50075046F /* Debug */,
				F281BAAF1C8D2AD50075046F /* Release */,
			);
			defaultConfigurationIsVisible = 0;
		};
/* End XCConfigurationList section */
	};
	rootObject = F281BA9E1C8D2AD50075046F /* Project object */;
}
